
Microsoft Visual Studio Solution File, Format Version 12.00
# Visual Studio 15
VisualStudioVersion = 15.0.26124.0
MinimumVisualStudioVersion = 15.0.26124.0
Project("{FAE04EC0-301F-11D3-BF4B-00C04F79EFBC}") = "Api", "Api\Api.csproj", "{0B255EEC-A53E-4D17-B9C0-C168866C3C6C}"
EndProject
Project("{FAE04EC0-301F-11D3-BF4B-00C04F79EFBC}") = "ApiTests", "ApiTests\ApiTests.csproj", "{A5BEDB42-0042-43D0-96E5-FBDFC60BE856}"
EndProject
Project("{FAE04EC0-301F-11D3-BF4B-00C04F79EFBC}") = "Auth", "Auth\Auth.csproj", "{5F52B993-B348-4EF1-B138-1E03BCA5713B}"
EndProject
Project("{FAE04EC0-301F-11D3-BF4B-00C04F79EFBC}") = "Core", "Core\Core.csproj", "{6932A70D-06AF-4850-AF82-D5CD254E3C29}"
EndProject
Project("{FAE04EC0-301F-11D3-BF4B-00C04F79EFBC}") = "CoreTests", "CoreTests\CoreTests.csproj", "{2C7D8CF8-8AA3-407D-9BAC-77D2E4935208}"
EndProject
Project("{FAE04EC0-301F-11D3-BF4B-00C04F79EFBC}") = "Data", "Data\Data.csproj", "{AAC2B97B-EE8B-4564-B4DF-2B1328260E6F}"
EndProject
Project("{FAE04EC0-301F-11D3-BF4B-00C04F79EFBC}") = "Data.PostgreSQL", "Data.PostgreSQL\Data.PostgreSQL.csproj", "{6336BFA7-122F-4D21-BE35-5653F87F4A62}"
EndProject
Global
	GlobalSection(SolutionConfigurationPlatforms) = preSolution
		Debug|Any CPU = Debug|Any CPU
		Debug|x64 = Debug|x64
		Debug|x86 = Debug|x86
		Release|Any CPU = Release|Any CPU
		Release|x64 = Release|x64
		Release|x86 = Release|x86
	EndGlobalSection
	GlobalSection(SolutionProperties) = preSolution
		HideSolutionNode = FALSE
	EndGlobalSection
	GlobalSection(ProjectConfigurationPlatforms) = postSolution
		{0B255EEC-A53E-4D17-B9C0-C168866C3C6C}.Debug|Any CPU.ActiveCfg = Debug|Any CPU
		{0B255EEC-A53E-4D17-B9C0-C168866C3C6C}.Debug|Any CPU.Build.0 = Debug|Any CPU
		{0B255EEC-A53E-4D17-B9C0-C168866C3C6C}.Debug|x64.ActiveCfg = Debug|x64
		{0B255EEC-A53E-4D17-B9C0-C168866C3C6C}.Debug|x64.Build.0 = Debug|x64
		{0B255EEC-A53E-4D17-B9C0-C168866C3C6C}.Debug|x86.ActiveCfg = Debug|x86
		{0B255EEC-A53E-4D17-B9C0-C168866C3C6C}.Debug|x86.Build.0 = Debug|x86
		{0B255EEC-A53E-4D17-B9C0-C168866C3C6C}.Release|Any CPU.ActiveCfg = Release|Any CPU
		{0B255EEC-A53E-4D17-B9C0-C168866C3C6C}.Release|Any CPU.Build.0 = Release|Any CPU
		{0B255EEC-A53E-4D17-B9C0-C168866C3C6C}.Release|x64.ActiveCfg = Release|x64
		{0B255EEC-A53E-4D17-B9C0-C168866C3C6C}.Release|x64.Build.0 = Release|x64
		{0B255EEC-A53E-4D17-B9C0-C168866C3C6C}.Release|x86.ActiveCfg = Release|x86
		{0B255EEC-A53E-4D17-B9C0-C168866C3C6C}.Release|x86.Build.0 = Release|x86
		{A5BEDB42-0042-43D0-96E5-FBDFC60BE856}.Debug|Any CPU.ActiveCfg = Debug|Any CPU
		{A5BEDB42-0042-43D0-96E5-FBDFC60BE856}.Debug|Any CPU.Build.0 = Debug|Any CPU
		{A5BEDB42-0042-43D0-96E5-FBDFC60BE856}.Debug|x64.ActiveCfg = Debug|x64
		{A5BEDB42-0042-43D0-96E5-FBDFC60BE856}.Debug|x64.Build.0 = Debug|x64
		{A5BEDB42-0042-43D0-96E5-FBDFC60BE856}.Debug|x86.ActiveCfg = Debug|x86
		{A5BEDB42-0042-43D0-96E5-FBDFC60BE856}.Debug|x86.Build.0 = Debug|x86
		{A5BEDB42-0042-43D0-96E5-FBDFC60BE856}.Release|Any CPU.ActiveCfg = Release|Any CPU
		{A5BEDB42-0042-43D0-96E5-FBDFC60BE856}.Release|Any CPU.Build.0 = Release|Any CPU
		{A5BEDB42-0042-43D0-96E5-FBDFC60BE856}.Release|x64.ActiveCfg = Release|x64
		{A5BEDB42-0042-43D0-96E5-FBDFC60BE856}.Release|x64.Build.0 = Release|x64
		{A5BEDB42-0042-43D0-96E5-FBDFC60BE856}.Release|x86.ActiveCfg = Release|x86
		{A5BEDB42-0042-43D0-96E5-FBDFC60BE856}.Release|x86.Build.0 = Release|x86
		{5F52B993-B348-4EF1-B138-1E03BCA5713B}.Debug|Any CPU.ActiveCfg = Debug|Any CPU
		{5F52B993-B348-4EF1-B138-1E03BCA5713B}.Debug|Any CPU.Build.0 = Debug|Any CPU
		{5F52B993-B348-4EF1-B138-1E03BCA5713B}.Debug|x64.ActiveCfg = Debug|x64
		{5F52B993-B348-4EF1-B138-1E03BCA5713B}.Debug|x64.Build.0 = Debug|x64
		{5F52B993-B348-4EF1-B138-1E03BCA5713B}.Debug|x86.ActiveCfg = Debug|x86
		{5F52B993-B348-4EF1-B138-1E03BCA5713B}.Debug|x86.Build.0 = Debug|x86
		{5F52B993-B348-4EF1-B138-1E03BCA5713B}.Release|Any CPU.ActiveCfg = Release|Any CPU
		{5F52B993-B348-4EF1-B138-1E03BCA5713B}.Release|Any CPU.Build.0 = Release|Any CPU
		{5F52B993-B348-4EF1-B138-1E03BCA5713B}.Release|x64.ActiveCfg = Release|x64
		{5F52B993-B348-4EF1-B138-1E03BCA5713B}.Release|x64.Build.0 = Release|x64
		{5F52B993-B348-4EF1-B138-1E03BCA5713B}.Release|x86.ActiveCfg = Release|x86
		{5F52B993-B348-4EF1-B138-1E03BCA5713B}.Release|x86.Build.0 = Release|x86
		{6932A70D-06AF-4850-AF82-D5CD254E3C29}.Debug|Any CPU.ActiveCfg = Debug|Any CPU
		{6932A70D-06AF-4850-AF82-D5CD254E3C29}.Debug|Any CPU.Build.0 = Debug|Any CPU
		{6932A70D-06AF-4850-AF82-D5CD254E3C29}.Debug|x64.ActiveCfg = Debug|x64
		{6932A70D-06AF-4850-AF82-D5CD254E3C29}.Debug|x64.Build.0 = Debug|x64
		{6932A70D-06AF-4850-AF82-D5CD254E3C29}.Debug|x86.ActiveCfg = Debug|x86
		{6932A70D-06AF-4850-AF82-D5CD254E3C29}.Debug|x86.Build.0 = Debug|x86
		{6932A70D-06AF-4850-AF82-D5CD254E3C29}.Release|Any CPU.ActiveCfg = Release|Any CPU
		{6932A70D-06AF-4850-AF82-D5CD254E3C29}.Release|Any CPU.Build.0 = Release|Any CPU
		{6932A70D-06AF-4850-AF82-D5CD254E3C29}.Release|x64.ActiveCfg = Release|x64
		{6932A70D-06AF-4850-AF82-D5CD254E3C29}.Release|x64.Build.0 = Release|x64
		{6932A70D-06AF-4850-AF82-D5CD254E3C29}.Release|x86.ActiveCfg = Release|x86
		{6932A70D-06AF-4850-AF82-D5CD254E3C29}.Release|x86.Build.0 = Release|x86
		{2C7D8CF8-8AA3-407D-9BAC-77D2E4935208}.Debug|Any CPU.ActiveCfg = Debug|Any CPU
		{2C7D8CF8-8AA3-407D-9BAC-77D2E4935208}.Debug|Any CPU.Build.0 = Debug|Any CPU
		{2C7D8CF8-8AA3-407D-9BAC-77D2E4935208}.Debug|x64.ActiveCfg = Debug|x64
		{2C7D8CF8-8AA3-407D-9BAC-77D2E4935208}.Debug|x64.Build.0 = Debug|x64
		{2C7D8CF8-8AA3-407D-9BAC-77D2E4935208}.Debug|x86.ActiveCfg = Debug|x86
		{2C7D8CF8-8AA3-407D-9BAC-77D2E4935208}.Debug|x86.Build.0 = Debug|x86
		{2C7D8CF8-8AA3-407D-9BAC-77D2E4935208}.Release|Any CPU.ActiveCfg = Release|Any CPU
		{2C7D8CF8-8AA3-407D-9BAC-77D2E4935208}.Release|Any CPU.Build.0 = Release|Any CPU
		{2C7D8CF8-8AA3-407D-9BAC-77D2E4935208}.Release|x64.ActiveCfg = Release|x64
		{2C7D8CF8-8AA3-407D-9BAC-77D2E4935208}.Release|x64.Build.0 = Release|x64
		{2C7D8CF8-8AA3-407D-9BAC-77D2E4935208}.Release|x86.ActiveCfg = Release|x86
		{2C7D8CF8-8AA3-407D-9BAC-77D2E4935208}.Release|x86.Build.0 = Release|x86
		{AAC2B97B-EE8B-4564-B4DF-2B1328260E6F}.Debug|Any CPU.ActiveCfg = Debug|Any CPU
		{AAC2B97B-EE8B-4564-B4DF-2B1328260E6F}.Debug|Any CPU.Build.0 = Debug|Any CPU
		{AAC2B97B-EE8B-4564-B4DF-2B1328260E6F}.Debug|x64.ActiveCfg = Debug|x64
		{AAC2B97B-EE8B-4564-B4DF-2B1328260E6F}.Debug|x64.Build.0 = Debug|x64
		{AAC2B97B-EE8B-4564-B4DF-2B1328260E6F}.Debug|x86.ActiveCfg = Debug|x86
		{AAC2B97B-EE8B-4564-B4DF-2B1328260E6F}.Debug|x86.Build.0 = Debug|x86
		{AAC2B97B-EE8B-4564-B4DF-2B1328260E6F}.Release|Any CPU.ActiveCfg = Release|Any CPU
		{AAC2B97B-EE8B-4564-B4DF-2B1328260E6F}.Release|Any CPU.Build.0 = Release|Any CPU
		{AAC2B97B-EE8B-4564-B4DF-2B1328260E6F}.Release|x64.ActiveCfg = Release|x64
		{AAC2B97B-EE8B-4564-B4DF-2B1328260E6F}.Release|x64.Build.0 = Release|x64
		{AAC2B97B-EE8B-4564-B4DF-2B1328260E6F}.Release|x86.ActiveCfg = Release|x86
		{AAC2B97B-EE8B-4564-B4DF-2B1328260E6F}.Release|x86.Build.0 = Release|x86
		{6336BFA7-122F-4D21-BE35-5653F87F4A62}.Debug|Any CPU.ActiveCfg = Debug|Any CPU
		{6336BFA7-122F-4D21-BE35-5653F87F4A62}.Debug|Any CPU.Build.0 = Debug|Any CPU
		{6336BFA7-122F-4D21-BE35-5653F87F4A62}.Debug|x64.ActiveCfg = Debug|x64
		{6336BFA7-122F-4D21-BE35-5653F87F4A62}.Debug|x64.Build.0 = Debug|x64
		{6336BFA7-122F-4D21-BE35-5653F87F4A62}.Debug|x86.ActiveCfg = Debug|x86
		{6336BFA7-122F-4D21-BE35-5653F87F4A62}.Debug|x86.Build.0 = Debug|x86
		{6336BFA7-122F-4D21-BE35-5653F87F4A62}.Release|Any CPU.ActiveCfg = Release|Any CPU
		{6336BFA7-122F-4D21-BE35-5653F87F4A62}.Release|Any CPU.Build.0 = Release|Any CPU
		{6336BFA7-122F-4D21-BE35-5653F87F4A62}.Release|x64.ActiveCfg = Release|x64
		{6336BFA7-122F-4D21-BE35-5653F87F4A62}.Release|x64.Build.0 = Release|x64
		{6336BFA7-122F-4D21-BE35-5653F87F4A62}.Release|x86.ActiveCfg = Release|x86
		{6336BFA7-122F-4D21-BE35-5653F87F4A62}.Release|x86.Build.0 = Release|x86
	EndGlobalSection
EndGlobal
